PODS:
  - RMActionController (1.0.5)
  - RMDateSelectionViewController (2.0.2):
    - RMActionController (~> 1.0.5)

DEPENDENCIES:
  - RMDateSelectionViewController (from `.`)

EXTERNAL SOURCES:
  RMDateSelectionViewController:
    :path: "."

SPEC CHECKSUMS:
  RMActionController: b83653e7452ed51492094d65dc82151c36443c03
  RMDateSelectionViewController: b51cdcb8d3127ca9b381c5ada76e5057793d23ef

COCOAPODS: 0.39.0
