// !$*UTF8*$!
{
	archiveVersion = 1;
	classes = {
	};
	objectVersion = 46;
	objects = {

/* Begin PBXBuildFile section */
		CA1E62491A24D3C10025A6A6 /* Launch Screen.xib in Resources */ = {isa = PBXBuildFile; fileRef = CA1E62481A24D3C10025A6A6 /* Launch Screen.xib */; };
		CA2C5C081DA2669900670F0F /* RMDateSelectionViewController.m in Sources */ = {isa = PBXBuildFile; fileRef = CA2C5C071DA2669900670F0F /* RMDateSelectionViewController.m */; };
		CA2C5C091DA268E500670F0F /* RMDateSelectionViewController.m in Sources */ = {isa = PBXBuildFile; fileRef = CA2C5C071DA2669900670F0F /* RMDateSelectionViewController.m */; };
		CA2C5C0A1DA268E500670F0F /* RMDateSelectionViewController.m in Sources */ = {isa = PBXBuildFile; fileRef = CA2C5C071DA2669900670F0F /* RMDateSelectionViewController.m */; };
		CA2C5C171DA2699400670F0F /* RMDateSelectionViewController.framework in Frameworks */ = {isa = PBXBuildFile; fileRef = CA2C5C101DA2699300670F0F /* RMDateSelectionViewController.framework */; };
		CA2C5C181DA2699400670F0F /* RMDateSelectionViewController.framework in Embed Frameworks */ = {isa = PBXBuildFile; fileRef = CA2C5C101DA2699300670F0F /* RMDateSelectionViewController.framework */; settings = {ATTRIBUTES = (CodeSignOnCopy, RemoveHeadersOnCopy, ); }; };
		CA2C5C1D1DA269C200670F0F /* RMDateSelectionViewController.framework in Frameworks */ = {isa = PBXBuildFile; fileRef = CA2C5C101DA2699300670F0F /* RMDateSelectionViewController.framework */; };
		CA2C5C2C1DA26AAB00670F0F /* RMActionController.framework in Frameworks */ = {isa = PBXBuildFile; fileRef = CA2C5C251DA26AAB00670F0F /* RMActionController.framework */; };
		CA2C5C2D1DA26AAB00670F0F /* RMActionController.framework in Embed Frameworks */ = {isa = PBXBuildFile; fileRef = CA2C5C251DA26AAB00670F0F /* RMActionController.framework */; settings = {ATTRIBUTES = (CodeSignOnCopy, RemoveHeadersOnCopy, ); }; };
		CA2C5C331DA26ABC00670F0F /* RMActionController.framework in Frameworks */ = {isa = PBXBuildFile; fileRef = CA2C5C251DA26AAB00670F0F /* RMActionController.framework */; };
		CA2C5C351DA26ACC00670F0F /* RMDateSelectionViewController.h in Headers */ = {isa = PBXBuildFile; fileRef = CA2C5C061DA2669900670F0F /* RMDateSelectionViewController.h */; settings = {ATTRIBUTES = (Public, ); }; };
		CA2C5C361DA26B3900670F0F /* RMActionController.m in Sources */ = {isa = PBXBuildFile; fileRef = CA2C5C011DA25D4800670F0F /* RMActionController.m */; };
		CA2C5C371DA26B3F00670F0F /* RMActionController.h in Headers */ = {isa = PBXBuildFile; fileRef = CA2C5C001DA25D4800670F0F /* RMActionController.h */; settings = {ATTRIBUTES = (Public, ); }; };
		CA3009FD1BF0E6A200EAD920 /* AppDelegate.swift in Sources */ = {isa = PBXBuildFile; fileRef = CA3009FC1BF0E6A200EAD920 /* AppDelegate.swift */; };
		CA300A041BF0E6A200EAD920 /* Main.storyboard in Resources */ = {isa = PBXBuildFile; fileRef = CA300A021BF0E6A200EAD920 /* Main.storyboard */; };
		CA300A061BF0E6A200EAD920 /* Assets.xcassets in Resources */ = {isa = PBXBuildFile; fileRef = CA300A051BF0E6A200EAD920 /* Assets.xcassets */; };
		CA300A091BF0E6A200EAD920 /* LaunchScreen.storyboard in Resources */ = {isa = PBXBuildFile; fileRef = CA300A071BF0E6A200EAD920 /* LaunchScreen.storyboard */; };
		CA300A0F1BF0E73800EAD920 /* ViewController.swift in Sources */ = {isa = PBXBuildFile; fileRef = CA300A0E1BF0E73800EAD920 /* ViewController.swift */; };
		CA52EE301AC42C760032E877 /* MainInterface.storyboard in Resources */ = {isa = PBXBuildFile; fileRef = CA52EE2F1AC42C760032E877 /* MainInterface.storyboard */; };
		CA6097531DC77017008B59FD /* RMActionController.framework in Frameworks */ = {isa = PBXBuildFile; fileRef = CA2C5C251DA26AAB00670F0F /* RMActionController.framework */; };
		CA6097541DC77017008B59FD /* RMDateSelectionViewController.framework in Frameworks */ = {isa = PBXBuildFile; fileRef = CA2C5C101DA2699300670F0F /* RMDateSelectionViewController.framework */; };
		CAA411471B01602400C24134 /* RMDateSelectionViewController-DemoExtension.appex in Embed App Extensions */ = {isa = PBXBuildFile; fileRef = CA52EE281AC42C760032E877 /* RMDateSelectionViewController-DemoExtension.appex */; settings = {ATTRIBUTES = (RemoveHeadersOnCopy, ); }; };
		CAA60A49181C1A0200198490 /* main.m in Sources */ = {isa = PBXBuildFile; fileRef = CAA60A48181C1A0200198490 /* main.m */; };
		CAA60A4D181C1A0200198490 /* RMAppDelegate.m in Sources */ = {isa = PBXBuildFile; fileRef = CAA60A4C181C1A0200198490 /* RMAppDelegate.m */; };
		CAA60A53181C1A0200198490 /* RMViewController.m in Sources */ = {isa = PBXBuildFile; fileRef = CAA60A52181C1A0200198490 /* RMViewController.m */; };
		CAA60A55181C1A0200198490 /* Images.xcassets in Resources */ = {isa = PBXBuildFile; fileRef = CAA60A54181C1A0200198490 /* Images.xcassets */; };
		CAA60A78181C1ACF00198490 /* Main.storyboard in Resources */ = {isa = PBXBuildFile; fileRef = CAA60A77181C1ACF00198490 /* Main.storyboard */; };
		CACBDBD11B371D9500301977 /* RMDateSelectionViewControllerTests.m in Sources */ = {isa = PBXBuildFile; fileRef = CACBDBD01B371D9500301977 /* RMDateSelectionViewControllerTests.m */; };
		CACF16BD1AC42CE4005CDB0F /* RMViewController.m in Sources */ = {isa = PBXBuildFile; fileRef = CAA60A52181C1A0200198490 /* RMViewController.m */; };
/* End PBXBuildFile section */

/* Begin PBXContainerItemProxy section */
		CA2C5C151DA2699400670F0F /* PBXContainerItemProxy */ = {
			isa = PBXContainerItemProxy;
			containerPortal = CAA60A31181C1A0200198490 /* Project object */;
			proxyType = 1;
			remoteGlobalIDString = CA2C5C0F1DA2699300670F0F;
			remoteInfo = RMDateSelectionViewController;
		};
		CA2C5C1E1DA269C600670F0F /* PBXContainerItemProxy */ = {
			isa = PBXContainerItemProxy;
			containerPortal = CAA60A31181C1A0200198490 /* Project object */;
			proxyType = 1;
			remoteGlobalIDString = CA2C5C0F1DA2699300670F0F;
			remoteInfo = RMDateSelectionViewController;
		};
		CA2C5C2A1DA26AAB00670F0F /* PBXContainerItemProxy */ = {
			isa = PBXContainerItemProxy;
			containerPortal = CAA60A31181C1A0200198490 /* Project object */;
			proxyType = 1;
			remoteGlobalIDString = CA2C5C241DA26AAB00670F0F;
			remoteInfo = RMActionController;
		};
		CA2C5C311DA26AB900670F0F /* PBXContainerItemProxy */ = {
			isa = PBXContainerItemProxy;
			containerPortal = CAA60A31181C1A0200198490 /* Project object */;
			proxyType = 1;
			remoteGlobalIDString = CA2C5C241DA26AAB00670F0F;
			remoteInfo = RMActionController;
		};
		CA5684481AD1AB5F00C55FFF /* PBXContainerItemProxy */ = {
			isa = PBXContainerItemProxy;
			containerPortal = CA56843F1AD1AB5F00C55FFF /* KIF.xcodeproj */;
			proxyType = 2;
			remoteGlobalIDString = EABD46AA1857A0C700A5F081;
			remoteInfo = KIF;
		};
		CA56844A1AD1AB5F00C55FFF /* PBXContainerItemProxy */ = {
			isa = PBXContainerItemProxy;
			containerPortal = CA56843F1AD1AB5F00C55FFF /* KIF.xcodeproj */;
			proxyType = 2;
			remoteGlobalIDString = EB72047C1680DDAD00278DA2;
			remoteInfo = "KIF-OCUnit";
		};
		CA56844C1AD1AB5F00C55FFF /* PBXContainerItemProxy */ = {
			isa = PBXContainerItemProxy;
			containerPortal = CA56843F1AD1AB5F00C55FFF /* KIF.xcodeproj */;
			proxyType = 2;
			remoteGlobalIDString = EB60ECC1177F8C83005A041A;
			remoteInfo = "Test Host";
		};
		CA56844E1AD1AB5F00C55FFF /* PBXContainerItemProxy */ = {
			isa = PBXContainerItemProxy;
			containerPortal = CA56843F1AD1AB5F00C55FFF /* KIF.xcodeproj */;
			proxyType = 2;
			remoteGlobalIDString = EABD46CD1857A0F300A5F081;
			remoteInfo = "KIF Tests";
		};
		CA5684501AD1AB5F00C55FFF /* PBXContainerItemProxy */ = {
			isa = PBXContainerItemProxy;
			containerPortal = CA56843F1AD1AB5F00C55FFF /* KIF.xcodeproj */;
			proxyType = 2;
			remoteGlobalIDString = EB60ECEB177F8DB3005A041A;
			remoteInfo = "KIF Tests-OCUnit";
		};
		CA60974F1DC77012008B59FD /* PBXContainerItemProxy */ = {
			isa = PBXContainerItemProxy;
			containerPortal = CAA60A31181C1A0200198490 /* Project object */;
			proxyType = 1;
			remoteGlobalIDString = CA2C5C241DA26AAB00670F0F;
			remoteInfo = RMActionController;
		};
		CA6097511DC77013008B59FD /* PBXContainerItemProxy */ = {
			isa = PBXContainerItemProxy;
			containerPortal = CAA60A31181C1A0200198490 /* Project object */;
			proxyType = 1;
			remoteGlobalIDString = CA2C5C0F1DA2699300670F0F;
			remoteInfo = RMDateSelectionViewController;
		};
		CAA411451B01601D00C24134 /* PBXContainerItemProxy */ = {
			isa = PBXContainerItemProxy;
			containerPortal = CAA60A31181C1A0200198490 /* Project object */;
			proxyType = 1;
			remoteGlobalIDString = CA52EE271AC42C760032E877;
			remoteInfo = "RMDateSelectionViewController-DemoExtension";
		};
		CACBDBD21B371D9500301977 /* PBXContainerItemProxy */ = {
			isa = PBXContainerItemProxy;
			containerPortal = CAA60A31181C1A0200198490 /* Project object */;
			proxyType = 1;
			remoteGlobalIDString = CAA60A38181C1A0200198490;
			remoteInfo = "RMDateSelectionViewController-Demo";
		};
/* End PBXContainerItemProxy section */

/* Begin PBXCopyFilesBuildPhase section */
		CA2C5C1C1DA2699400670F0F /* Embed Frameworks */ = {
			isa = PBXCopyFilesBuildPhase;
			buildActionMask = 2147483647;
			dstPath = "";
			dstSubfolderSpec = 10;
			files = (
				CA2C5C181DA2699400670F0F /* RMDateSelectionViewController.framework in Embed Frameworks */,
				CA2C5C2D1DA26AAB00670F0F /* RMActionController.framework in Embed Frameworks */,
			);
			name = "Embed Frameworks";
			runOnlyForDeploymentPostprocessing = 0;
		};
		CA52EE371AC42C760032E877 /* Embed App Extensions */ = {
			isa = PBXCopyFilesBuildPhase;
			buildActionMask = 2147483647;
			dstPath = "";
			dstSubfolderSpec = 13;
			files = (
				CAA411471B01602400C24134 /* RMDateSelectionViewController-DemoExtension.appex in Embed App Extensions */,
			);
			name = "Embed App Extensions";
			runOnlyForDeploymentPostprocessing = 0;
		};
/* End PBXCopyFilesBuildPhase section */

/* Begin PBXFileReference section */
		2977B11CE075228E04E7C677 /* Pods.framework */ = {isa = PBXFileReference; explicitFileType = wrapper.framework; includeInIndex = 0; path = Pods.framework; sourceTree = BUILT_PRODUCTS_DIR; };
		CA1E62481A24D3C10025A6A6 /* Launch Screen.xib */ = {isa = PBXFileReference; fileEncoding = 4; lastKnownFileType = file.xib; path = "Launch Screen.xib"; sourceTree = "<group>"; };
		CA2C5C001DA25D4800670F0F /* RMActionController.h */ = {isa = PBXFileReference; fileEncoding = 4; lastKnownFileType = sourcecode.c.h; name = RMActionController.h; path = Extern/RMActionController/RMActionController/RMActionController.h; sourceTree = "<group>"; };
		CA2C5C011DA25D4800670F0F /* RMActionController.m */ = {isa = PBXFileReference; fileEncoding = 4; lastKnownFileType = sourcecode.c.objc; name = RMActionController.m; path = Extern/RMActionController/RMActionController/RMActionController.m; sourceTree = "<group>"; };
		CA2C5C061DA2669900670F0F /* RMDateSelectionViewController.h */ = {isa = PBXFileReference; fileEncoding = 4; lastKnownFileType = sourcecode.c.h; name = RMDateSelectionViewController.h; path = RMDateSelectionViewController/RMDateSelectionViewController.h; sourceTree = "<group>"; };
		CA2C5C071DA2669900670F0F /* RMDateSelectionViewController.m */ = {isa = PBXFileReference; fileEncoding = 4; lastKnownFileType = sourcecode.c.objc; name = RMDateSelectionViewController.m; path = RMDateSelectionViewController/RMDateSelectionViewController.m; sourceTree = "<group>"; };
		CA2C5C101DA2699300670F0F /* RMDateSelectionViewController.framework */ = {isa = PBXFileReference; explicitFileType = wrapper.framework; includeInIndex = 0; path = RMDateSelectionViewController.framework; sourceTree = BUILT_PRODUCTS_DIR; };
		CA2C5C131DA2699400670F0F /* Info.plist */ = {isa = PBXFileReference; lastKnownFileType = text.plist.xml; name = Info.plist; path = RMDateSelectionViewController/Info.plist; sourceTree = "<group>"; };
		CA2C5C251DA26AAB00670F0F /* RMActionController.framework */ = {isa = PBXFileReference; explicitFileType = wrapper.framework; includeInIndex = 0; path = RMActionController.framework; sourceTree = BUILT_PRODUCTS_DIR; };
		CA3009FA1BF0E6A100EAD920 /* RMDateSelectionViewController-SwiftDemo.app */ = {isa = PBXFileReference; explicitFileType = wrapper.application; includeInIndex = 0; path = "RMDateSelectionViewController-SwiftDemo.app"; sourceTree = BUILT_PRODUCTS_DIR; };
		CA3009FC1BF0E6A200EAD920 /* AppDelegate.swift */ = {isa = PBXFileReference; lastKnownFileType = sourcecode.swift; path = AppDelegate.swift; sourceTree = "<group>"; };
		CA300A031BF0E6A200EAD920 /* Base */ = {isa = PBXFileReference; lastKnownFileType = file.storyboard; name = Base; path = Base.lproj/Main.storyboard; sourceTree = "<group>"; };
		CA300A051BF0E6A200EAD920 /* Assets.xcassets */ = {isa = PBXFileReference; lastKnownFileType = folder.assetcatalog; path = Assets.xcassets; sourceTree = "<group>"; };
		CA300A081BF0E6A200EAD920 /* Base */ = {isa = PBXFileReference; lastKnownFileType = file.storyboard; name = Base; path = Base.lproj/LaunchScreen.storyboard; sourceTree = "<group>"; };
		CA300A0A1BF0E6A200EAD920 /* Info.plist */ = {isa = PBXFileReference; lastKnownFileType = text.plist.xml; path = Info.plist; sourceTree = "<group>"; };
		CA300A0E1BF0E73800EAD920 /* ViewController.swift */ = {isa = PBXFileReference; fileEncoding = 4; lastKnownFileType = sourcecode.swift; path = ViewController.swift; sourceTree = "<group>"; };
		CA52EE281AC42C760032E877 /* RMDateSelectionViewController-DemoExtension.appex */ = {isa = PBXFileReference; explicitFileType = "wrapper.app-extension"; includeInIndex = 0; path = "RMDateSelectionViewController-DemoExtension.appex"; sourceTree = BUILT_PRODUCTS_DIR; };
		CA52EE2B1AC42C760032E877 /* Info.plist */ = {isa = PBXFileReference; lastKnownFileType = text.plist.xml; path = Info.plist; sourceTree = "<group>"; };
		CA52EE2F1AC42C760032E877 /* MainInterface.storyboard */ = {isa = PBXFileReference; lastKnownFileType = file.storyboard; path = MainInterface.storyboard; sourceTree = "<group>"; };
		CA56843F1AD1AB5F00C55FFF /* KIF.xcodeproj */ = {isa = PBXFileReference; lastKnownFileType = "wrapper.pb-project"; name = KIF.xcodeproj; path = External/KIF/KIF.xcodeproj; sourceTree = "<group>"; };
		CAA60A39181C1A0200198490 /* RMDateSelectionViewController-Demo.app */ = {isa = PBXFileReference; explicitFileType = wrapper.application; includeInIndex = 0; path = "RMDateSelectionViewController-Demo.app"; sourceTree = BUILT_PRODUCTS_DIR; };
		CAA60A44181C1A0200198490 /* RMDateSelectionViewController-Demo-Info.plist */ = {isa = PBXFileReference; lastKnownFileType = text.plist.xml; path = "RMDateSelectionViewController-Demo-Info.plist"; sourceTree = "<group>"; };
		CAA60A48181C1A0200198490 /* main.m */ = {isa = PBXFileReference; lastKnownFileType = sourcecode.c.objc; path = main.m; sourceTree = "<group>"; };
		CAA60A4A181C1A0200198490 /* RMDateSelectionViewController-Demo-Prefix.pch */ = {isa = PBXFileReference; lastKnownFileType = sourcecode.c.h; path = "RMDateSelectionViewController-Demo-Prefix.pch"; sourceTree = "<group>"; };
		CAA60A4B181C1A0200198490 /* RMAppDelegate.h */ = {isa = PBXFileReference; lastKnownFileType = sourcecode.c.h; path = RMAppDelegate.h; sourceTree = "<group>"; };
		CAA60A4C181C1A0200198490 /* RMAppDelegate.m */ = {isa = PBXFileReference; lastKnownFileType = sourcecode.c.objc; path = RMAppDelegate.m; sourceTree = "<group>"; };
		CAA60A51181C1A0200198490 /* RMViewController.h */ = {isa = PBXFileReference; lastKnownFileType = sourcecode.c.h; path = RMViewController.h; sourceTree = "<group>"; };
		CAA60A52181C1A0200198490 /* RMViewController.m */ = {isa = PBXFileReference; lastKnownFileType = sourcecode.c.objc; path = RMViewController.m; sourceTree = "<group>"; };
		CAA60A54181C1A0200198490 /* Images.xcassets */ = {isa = PBXFileReference; lastKnownFileType = folder.assetcatalog; path = Images.xcassets; sourceTree = "<group>"; };
		CAA60A77181C1ACF00198490 /* Main.storyboard */ = {isa = PBXFileReference; fileEncoding = 4; lastKnownFileType = file.storyboard; path = Main.storyboard; sourceTree = "<group>"; };
		CACBDBCC1B371D9500301977 /* RMDateSelectionViewController-Demo-Tests.xctest */ = {isa = PBXFileReference; explicitFileType = wrapper.cfbundle; includeInIndex = 0; path = "RMDateSelectionViewController-Demo-Tests.xctest"; sourceTree = BUILT_PRODUCTS_DIR; };
		CACBDBCF1B371D9500301977 /* Info.plist */ = {isa = PBXFileReference; lastKnownFileType = text.plist.xml; path = Info.plist; sourceTree = "<group>"; };
		CACBDBD01B371D9500301977 /* RMDateSelectionViewControllerTests.m */ = {isa = PBXFileReference; lastKnownFileType = sourcecode.c.objc; path = RMDateSelectionViewControllerTests.m; sourceTree = "<group>"; };
/* End PBXFileReference section */

/* Begin PBXFrameworksBuildPhase section */
		CA2C5C0C1DA2699300670F0F /* Frameworks */ = {
			isa = PBXFrameworksBuildPhase;
			buildActionMask = 2147483647;
			files = (
				CA2C5C331DA26ABC00670F0F /* RMActionController.framework in Frameworks */,
			);
			runOnlyForDeploymentPostprocessing = 0;
		};
		CA2C5C211DA26AAB00670F0F /* Frameworks */ = {
			isa = PBXFrameworksBuildPhase;
			buildActionMask = 2147483647;
			files = (
			);
			runOnlyForDeploymentPostprocessing = 0;
		};
		CA3009F71BF0E6A100EAD920 /* Frameworks */ = {
			isa = PBXFrameworksBuildPhase;
			buildActionMask = 2147483647;
			files = (
				CA2C5C1D1DA269C200670F0F /* RMDateSelectionViewController.framework in Frameworks */,
			);
			runOnlyForDeploymentPostprocessing = 0;
		};
		CA52EE251AC42C760032E877 /* Frameworks */ = {
			isa = PBXFrameworksBuildPhase;
			buildActionMask = 2147483647;
			files = (
				CA6097531DC77017008B59FD /* RMActionController.framework in Frameworks */,
				CA6097541DC77017008B59FD /* RMDateSelectionViewController.framework in Frameworks */,
			);
			runOnlyForDeploymentPostprocessing = 0;
		};
		CAA60A36181C1A0200198490 /* Frameworks */ = {
			isa = PBXFrameworksBuildPhase;
			buildActionMask = 2147483647;
			files = (
				CA2C5C171DA2699400670F0F /* RMDateSelectionViewController.framework in Frameworks */,
				CA2C5C2C1DA26AAB00670F0F /* RMActionController.framework in Frameworks */,
			);
			runOnlyForDeploymentPostprocessing = 0;
		};
		CACBDBC91B371D9500301977 /* Frameworks */ = {
			isa = PBXFrameworksBuildPhase;
			buildActionMask = 2147483647;
			files = (
			);
			runOnlyForDeploymentPostprocessing = 0;
		};
/* End PBXFrameworksBuildPhase section */

/* Begin PBXGroup section */
		CA2C5BFE1DA25D2D00670F0F /* Extern */ = {
			isa = PBXGroup;
			children = (
				CA2C5BFF1DA25D3600670F0F /* RMActionController */,
			);
			name = Extern;
			sourceTree = "<group>";
		};
		CA2C5BFF1DA25D3600670F0F /* RMActionController */ = {
			isa = PBXGroup;
			children = (
				CA2C5C001DA25D4800670F0F /* RMActionController.h */,
				CA2C5C011DA25D4800670F0F /* RMActionController.m */,
			);
			name = RMActionController;
			sourceTree = "<group>";
		};
		CA2C5C051DA2668B00670F0F /* RMDateSelectionViewController */ = {
			isa = PBXGroup;
			children = (
				CA2C5C061DA2669900670F0F /* RMDateSelectionViewController.h */,
				CA2C5C071DA2669900670F0F /* RMDateSelectionViewController.m */,
				CA2C5C131DA2699400670F0F /* Info.plist */,
			);
			name = RMDateSelectionViewController;
			sourceTree = "<group>";
		};
		CA3009FB1BF0E6A200EAD920 /* RMDateSelectionViewController-SwiftDemo */ = {
			isa = PBXGroup;
			children = (
				CA300A071BF0E6A200EAD920 /* LaunchScreen.storyboard */,
				CA300A021BF0E6A200EAD920 /* Main.storyboard */,
				CA3009FC1BF0E6A200EAD920 /* AppDelegate.swift */,
				CA300A0E1BF0E73800EAD920 /* ViewController.swift */,
				CA300A051BF0E6A200EAD920 /* Assets.xcassets */,
				CA300A0A1BF0E6A200EAD920 /* Info.plist */,
			);
			path = "RMDateSelectionViewController-SwiftDemo";
			sourceTree = "<group>";
		};
		CA52EE291AC42C760032E877 /* RMDateSelectionViewController-DemoExtension */ = {
			isa = PBXGroup;
			children = (
				CA52EE2F1AC42C760032E877 /* MainInterface.storyboard */,
				CA52EE2A1AC42C760032E877 /* Supporting Files */,
			);
			path = "RMDateSelectionViewController-DemoExtension";
			sourceTree = "<group>";
		};
		CA52EE2A1AC42C760032E877 /* Supporting Files */ = {
			isa = PBXGroup;
			children = (
				CA52EE2B1AC42C760032E877 /* Info.plist */,
			);
			name = "Supporting Files";
			sourceTree = "<group>";
		};
		CA5684401AD1AB5F00C55FFF /* Products */ = {
			isa = PBXGroup;
			children = (
				CA5684491AD1AB5F00C55FFF /* libKIF.a */,
				CA56844B1AD1AB5F00C55FFF /* libKIF-OCUnit.a */,
				CA56844D1AD1AB5F00C55FFF /* Test Host.app */,
				CA56844F1AD1AB5F00C55FFF /* KIF Tests - XCTest.xctest */,
				CA5684511AD1AB5F00C55FFF /* KIF Tests-OCUnit.octest */,
			);
			name = Products;
			sourceTree = "<group>";
		};
		CAA60A30181C1A0200198490 = {
			isa = PBXGroup;
			children = (
				CA2C5C051DA2668B00670F0F /* RMDateSelectionViewController */,
				CAA60A42181C1A0200198490 /* RMDateSelectionViewController-Demo */,
				CA52EE291AC42C760032E877 /* RMDateSelectionViewController-DemoExtension */,
				CA3009FB1BF0E6A200EAD920 /* RMDateSelectionViewController-SwiftDemo */,
				CACBDBCD1B371D9500301977 /* RMDateSelectionViewController-Demo-Tests */,
				CA2C5BFE1DA25D2D00670F0F /* Extern */,
				CAA60A3A181C1A0200198490 /* Products */,
				D2DE4A56023165B179249E9C /* Frameworks */,
			);
			sourceTree = "<group>";
		};
		CAA60A3A181C1A0200198490 /* Products */ = {
			isa = PBXGroup;
			children = (
				CAA60A39181C1A0200198490 /* RMDateSelectionViewController-Demo.app */,
				CA52EE281AC42C760032E877 /* RMDateSelectionViewController-DemoExtension.appex */,
				CACBDBCC1B371D9500301977 /* RMDateSelectionViewController-Demo-Tests.xctest */,
				CA3009FA1BF0E6A100EAD920 /* RMDateSelectionViewController-SwiftDemo.app */,
				CA2C5C101DA2699300670F0F /* RMDateSelectionViewController.framework */,
				CA2C5C251DA26AAB00670F0F /* RMActionController.framework */,
			);
			name = Products;
			sourceTree = "<group>";
		};
		CAA60A42181C1A0200198490 /* RMDateSelectionViewController-Demo */ = {
			isa = PBXGroup;
			children = (
				CA1E62481A24D3C10025A6A6 /* Launch Screen.xib */,
				CAA60A77181C1ACF00198490 /* Main.storyboard */,
				CAA60A4B181C1A0200198490 /* RMAppDelegate.h */,
				CAA60A4C181C1A0200198490 /* RMAppDelegate.m */,
				CAA60A51181C1A0200198490 /* RMViewController.h */,
				CAA60A52181C1A0200198490 /* RMViewController.m */,
				CAA60A54181C1A0200198490 /* Images.xcassets */,
				CAA60A43181C1A0200198490 /* Supporting Files */,
			);
			path = "RMDateSelectionViewController-Demo";
			sourceTree = "<group>";
		};
		CAA60A43181C1A0200198490 /* Supporting Files */ = {
			isa = PBXGroup;
			children = (
				CAA60A44181C1A0200198490 /* RMDateSelectionViewController-Demo-Info.plist */,
				CAA60A48181C1A0200198490 /* main.m */,
				CAA60A4A181C1A0200198490 /* RMDateSelectionViewController-Demo-Prefix.pch */,
			);
			name = "Supporting Files";
			sourceTree = "<group>";
		};
		CACBDBCD1B371D9500301977 /* RMDateSelectionViewController-Demo-Tests */ = {
			isa = PBXGroup;
			children = (
				CACBDBD01B371D9500301977 /* RMDateSelectionViewControllerTests.m */,
				CACBDBCE1B371D9500301977 /* Supporting Files */,
			);
			path = "RMDateSelectionViewController-Demo-Tests";
			sourceTree = "<group>";
		};
		CACBDBCE1B371D9500301977 /* Supporting Files */ = {
			isa = PBXGroup;
			children = (
				CACBDBCF1B371D9500301977 /* Info.plist */,
			);
			name = "Supporting Files";
			sourceTree = "<group>";
		};
		D2DE4A56023165B179249E9C /* Frameworks */ = {
			isa = PBXGroup;
			children = (
				2977B11CE075228E04E7C677 /* Pods.framework */,
			);
			name = Frameworks;
			sourceTree = "<group>";
		};
/* End PBXGroup section */

/* Begin PBXHeadersBuildPhase section */
		CA2C5C0D1DA2699300670F0F /* Headers */ = {
			isa = PBXHeadersBuildPhase;
			buildActionMask = 2147483647;
			files = (
				CA2C5C351DA26ACC00670F0F /* RMDateSelectionViewController.h in Headers */,
			);
			runOnlyForDeploymentPostprocessing = 0;
		};
		CA2C5C221DA26AAB00670F0F /* Headers */ = {
			isa = PBXHeadersBuildPhase;
			buildActionMask = 2147483647;
			files = (
				CA2C5C371DA26B3F00670F0F /* RMActionController.h in Headers */,
			);
			runOnlyForDeploymentPostprocessing = 0;
		};
/* End PBXHeadersBuildPhase section */

/* Begin PBXNativeTarget section */
		CA2C5C0F1DA2699300670F0F /* RMDateSelectionViewController */ = {
			isa = PBXNativeTarget;
			buildConfigurationList = CA2C5C191DA2699400670F0F /* Build configuration list for PBXNativeTarget "RMDateSelectionViewController" */;
			buildPhases = (
				CA2C5C0B1DA2699300670F0F /* Sources */,
				CA2C5C0C1DA2699300670F0F /* Frameworks */,
				CA2C5C0D1DA2699300670F0F /* Headers */,
				CA2C5C0E1DA2699300670F0F /* Resources */,
			);
			buildRules = (
			);
			dependencies = (
				CA2C5C321DA26AB900670F0F /* PBXTargetDependency */,
			);
			name = RMDateSelectionViewController;
			productName = RMDateSelectionViewController;
			productReference = CA2C5C101DA2699300670F0F /* RMDateSelectionViewController.framework */;
			productType = "com.apple.product-type.framework";
		};
		CA2C5C241DA26AAB00670F0F /* RMActionController */ = {
			isa = PBXNativeTarget;
			buildConfigurationList = CA2C5C2E1DA26AAB00670F0F /* Build configuration list for PBXNativeTarget "RMActionController" */;
			buildPhases = (
				CA2C5C201DA26AAB00670F0F /* Sources */,
				CA2C5C211DA26AAB00670F0F /* Frameworks */,
				CA2C5C221DA26AAB00670F0F /* Headers */,
				CA2C5C231DA26AAB00670F0F /* Resources */,
			);
			buildRules = (
			);
			dependencies = (
			);
			name = RMActionController;
			productName = RMActionController;
			productReference = CA2C5C251DA26AAB00670F0F /* RMActionController.framework */;
			productType = "com.apple.product-type.framework";
		};
		CA3009F91BF0E6A100EAD920 /* RMDateSelectionViewController-SwiftDemo */ = {
			isa = PBXNativeTarget;
			buildConfigurationList = CA300A0B1BF0E6A200EAD920 /* Build configuration list for PBXNativeTarget "RMDateSelectionViewController-SwiftDemo" */;
			buildPhases = (
				CA3009F61BF0E6A100EAD920 /* Sources */,
				CA3009F71BF0E6A100EAD920 /* Frameworks */,
				CA3009F81BF0E6A100EAD920 /* Resources */,
			);
			buildRules = (
			);
			dependencies = (
				CA2C5C1F1DA269C600670F0F /* PBXTargetDependency */,
			);
			name = "RMDateSelectionViewController-SwiftDemo";
			productName = "RMDateSelectionViewController-SwiftDemo";
			productReference = CA3009FA1BF0E6A100EAD920 /* RMDateSelectionViewController-SwiftDemo.app */;
			productType = "com.apple.product-type.application";
		};
		CA52EE271AC42C760032E877 /* RMDateSelectionViewController-DemoExtension */ = {
			isa = PBXNativeTarget;
			buildConfigurationList = CA52EE361AC42C760032E877 /* Build configuration list for PBXNativeTarget "RMDateSelectionViewController-DemoExtension" */;
			buildPhases = (
				CA52EE241AC42C760032E877 /* Sources */,
				CA52EE251AC42C760032E877 /* Frameworks */,
				CA52EE261AC42C760032E877 /* Resources */,
			);
			buildRules = (
			);
			dependencies = (
				CA6097501DC77012008B59FD /* PBXTargetDependency */,
				CA6097521DC77013008B59FD /* PBXTargetDependency */,
			);
			name = "RMDateSelectionViewController-DemoExtension";
			productName = "RMDateSelectionViewController-DemoExtension";
			productReference = CA52EE281AC42C760032E877 /* RMDateSelectionViewController-DemoExtension.appex */;
			productType = "com.apple.product-type.app-extension";
		};
		CAA60A38181C1A0200198490 /* RMDateSelectionViewController-Demo */ = {
			isa = PBXNativeTarget;
			buildConfigurationList = CAA60A6B181C1A0200198490 /* Build configuration list for PBXNativeTarget "RMDateSelectionViewController-Demo" */;
			buildPhases = (
				CAA60A35181C1A0200198490 /* Sources */,
				CAA60A36181C1A0200198490 /* Frameworks */,
				CAA60A37181C1A0200198490 /* Resources */,
				CA52EE371AC42C760032E877 /* Embed App Extensions */,
				CA2C5C1C1DA2699400670F0F /* Embed Frameworks */,
			);
			buildRules = (
			);
			dependencies = (
				CAA411461B01601D00C24134 /* PBXTargetDependency */,
				CA2C5C161DA2699400670F0F /* PBXTargetDependency */,
				CA2C5C2B1DA26AAB00670F0F /* PBXTargetDependency */,
			);
			name = "RMDateSelectionViewController-Demo";
			productName = "RMDateSelectionViewController-Demo";
			productReference = CAA60A39181C1A0200198490 /* RMDateSelectionViewController-Demo.app */;
			productType = "com.apple.product-type.application";
		};
		CACBDBCB1B371D9500301977 /* RMDateSelectionViewController-Demo-Tests */ = {
			isa = PBXNativeTarget;
			buildConfigurationList = CACBDBD61B371D9500301977 /* Build configuration list for PBXNativeTarget "RMDateSelectionViewController-Demo-Tests" */;
			buildPhases = (
				CACBDBC81B371D9500301977 /* Sources */,
				CACBDBC91B371D9500301977 /* Frameworks */,
				CACBDBCA1B371D9500301977 /* Resources */,
			);
			buildRules = (
			);
			dependencies = (
				CACBDBD31B371D9500301977 /* PBXTargetDependency */,
			);
			name = "RMDateSelectionViewController-Demo-Tests";
			productName = "RMDateSelectionViewController-Demo-Tests";
			productReference = CACBDBCC1B371D9500301977 /* RMDateSelectionViewController-Demo-Tests.xctest */;
			productType = "com.apple.product-type.bundle.unit-test";
		};
/* End PBXNativeTarget section */

/* Begin PBXProject section */
		CAA60A31181C1A0200198490 /* Project object */ = {
			isa = PBXProject;
			attributes = {
				CLASSPREFIX = RM;
				LastSwiftUpdateCheck = 0710;
				LastUpgradeCheck = 0800;
				ORGANIZATIONNAME = "Roland Moers";
				TargetAttributes = {
					CA2C5C0F1DA2699300670F0F = {
						CreatedOnToolsVersion = 8.0;
						ProvisioningStyle = Automatic;
					};
					CA2C5C241DA26AAB00670F0F = {
						CreatedOnToolsVersion = 8.0;
						DevelopmentTeam = GGWH6G3GK6;
						ProvisioningStyle = Automatic;
					};
					CA3009F91BF0E6A100EAD920 = {
						CreatedOnToolsVersion = 7.1;
						DevelopmentTeam = GGWH6G3GK6;
						LastSwiftMigration = 0800;
					};
					CA52EE271AC42C760032E877 = {
						CreatedOnToolsVersion = 6.2;
						DevelopmentTeam = GGWH6G3GK6;
					};
					CAA60A38181C1A0200198490 = {
						DevelopmentTeam = GGWH6G3GK6;
					};
					CACBDBCB1B371D9500301977 = {
						CreatedOnToolsVersion = 6.3.2;
						DevelopmentTeam = GGWH6G3GK6;
						TestTargetID = CAA60A38181C1A0200198490;
					};
				};
			};
			buildConfigurationList = CAA60A34181C1A0200198490 /* Build configuration list for PBXProject "RMDateSelectionViewController-Demo" */;
			compatibilityVersion = "Xcode 3.2";
			developmentRegion = English;
			hasScannedForEncodings = 0;
			knownRegions = (
				en,
				Base,
			);
			mainGroup = CAA60A30181C1A0200198490;
			productRefGroup = CAA60A3A181C1A0200198490 /* Products */;
			projectDirPath = "";
			projectReferences = (
				{
					ProductGroup = CA5684401AD1AB5F00C55FFF /* Products */;
					ProjectRef = CA56843F1AD1AB5F00C55FFF /* KIF.xcodeproj */;
				},
			);
			projectRoot = "";
			targets = (
				CA2C5C241DA26AAB00670F0F /* RMActionController */,
				CA2C5C0F1DA2699300670F0F /* RMDateSelectionViewController */,
				CAA60A38181C1A0200198490 /* RMDateSelectionViewController-Demo */,
				CA3009F91BF0E6A100EAD920 /* RMDateSelectionViewController-SwiftDemo */,
				CA52EE271AC42C760032E877 /* RMDateSelectionViewController-DemoExtension */,
				CACBDBCB1B371D9500301977 /* RMDateSelectionViewController-Demo-Tests */,
			);
		};
/* End PBXProject section */

/* Begin PBXReferenceProxy section */
		CA5684491AD1AB5F00C55FFF /* libKIF.a */ = {
			isa = PBXReferenceProxy;
			fileType = archive.ar;
			path = libKIF.a;
			remoteRef = CA5684481AD1AB5F00C55FFF /* PBXContainerItemProxy */;
			sourceTree = BUILT_PRODUCTS_DIR;
		};
		CA56844B1AD1AB5F00C55FFF /* libKIF-OCUnit.a */ = {
			isa = PBXReferenceProxy;
			fileType = archive.ar;
			path = "libKIF-OCUnit.a";
			remoteRef = CA56844A1AD1AB5F00C55FFF /* PBXContainerItemProxy */;
			sourceTree = BUILT_PRODUCTS_DIR;
		};
		CA56844D1AD1AB5F00C55FFF /* Test Host.app */ = {
			isa = PBXReferenceProxy;
			fileType = wrapper.application;
			path = "Test Host.app";
			remoteRef = CA56844C1AD1AB5F00C55FFF /* PBXContainerItemProxy */;
			sourceTree = BUILT_PRODUCTS_DIR;
		};
		CA56844F1AD1AB5F00C55FFF /* KIF Tests - XCTest.xctest */ = {
			isa = PBXReferenceProxy;
			fileType = wrapper.cfbundle;
			path = "KIF Tests - XCTest.xctest";
			remoteRef = CA56844E1AD1AB5F00C55FFF /* PBXContainerItemProxy */;
			sourceTree = BUILT_PRODUCTS_DIR;
		};
		CA5684511AD1AB5F00C55FFF /* KIF Tests-OCUnit.octest */ = {
			isa = PBXReferenceProxy;
			fileType = wrapper.cfbundle;
			path = "KIF Tests-OCUnit.octest";
			remoteRef = CA5684501AD1AB5F00C55FFF /* PBXContainerItemProxy */;
			sourceTree = BUILT_PRODUCTS_DIR;
		};
/* End PBXReferenceProxy section */

/* Begin PBXResourcesBuildPhase section */
		CA2C5C0E1DA2699300670F0F /* Resources */ = {
			isa = PBXResourcesBuildPhase;
			buildActionMask = 2147483647;
			files = (
			);
			runOnlyForDeploymentPostprocessing = 0;
		};
		CA2C5C231DA26AAB00670F0F /* Resources */ = {
			isa = PBXResourcesBuildPhase;
			buildActionMask = 2147483647;
			files = (
			);
			runOnlyForDeploymentPostprocessing = 0;
		};
		CA3009F81BF0E6A100EAD920 /* Resources */ = {
			isa = PBXResourcesBuildPhase;
			buildActionMask = 2147483647;
			files = (
				CA300A091BF0E6A200EAD920 /* LaunchScreen.storyboard in Resources */,
				CA300A061BF0E6A200EAD920 /* Assets.xcassets in Resources */,
				CA300A041BF0E6A200EAD920 /* Main.storyboard in Resources */,
			);
			runOnlyForDeploymentPostprocessing = 0;
		};
		CA52EE261AC42C760032E877 /* Resources */ = {
			isa = PBXResourcesBuildPhase;
			buildActionMask = 2147483647;
			files = (
				CA52EE301AC42C760032E877 /* MainInterface.storyboard in Resources */,
			);
			runOnlyForDeploymentPostprocessing = 0;
		};
		CAA60A37181C1A0200198490 /* Resources */ = {
			isa = PBXResourcesBuildPhase;
			buildActionMask = 2147483647;
			files = (
				CA1E62491A24D3C10025A6A6 /* Launch Screen.xib in Resources */,
				CAA60A55181C1A0200198490 /* Images.xcassets in Resources */,
				CAA60A78181C1ACF00198490 /* Main.storyboard in Resources */,
			);
			runOnlyForDeploymentPostprocessing = 0;
		};
		CACBDBCA1B371D9500301977 /* Resources */ = {
			isa = PBXResourcesBuildPhase;
			buildActionMask = 2147483647;
			files = (
			);
			runOnlyForDeploymentPostprocessing = 0;
		};
/* End PBXResourcesBuildPhase section */

/* Begin PBXSourcesBuildPhase section */
		CA2C5C0B1DA2699300670F0F /* Sources */ = {
			isa = PBXSourcesBuildPhase;
			buildActionMask = 2147483647;
			files = (
			);
			runOnlyForDeploymentPostprocessing = 0;
		};
		CA2C5C201DA26AAB00670F0F /* Sources */ = {
			isa = PBXSourcesBuildPhase;
			buildActionMask = 2147483647;
			files = (
				CA2C5C361DA26B3900670F0F /* RMActionController.m in Sources */,
			);
			runOnlyForDeploymentPostprocessing = 0;
		};
		CA3009F61BF0E6A100EAD920 /* Sources */ = {
			isa = PBXSourcesBuildPhase;
			buildActionMask = 2147483647;
			files = (
				CA2C5C091DA268E500670F0F /* RMDateSelectionViewController.m in Sources */,
				CA300A0F1BF0E73800EAD920 /* ViewController.swift in Sources */,
				CA3009FD1BF0E6A200EAD920 /* AppDelegate.swift in Sources */,
			);
			runOnlyForDeploymentPostprocessing = 0;
		};
		CA52EE241AC42C760032E877 /* Sources */ = {
			isa = PBXSourcesBuildPhase;
			buildActionMask = 2147483647;
			files = (
				CA2C5C0A1DA268E500670F0F /* RMDateSelectionViewController.m in Sources */,
				CACF16BD1AC42CE4005CDB0F /* RMViewController.m in Sources */,
			);
			runOnlyForDeploymentPostprocessing = 0;
		};
		CAA60A35181C1A0200198490 /* Sources */ = {
			isa = PBXSourcesBuildPhase;
			buildActionMask = 2147483647;
			files = (
				CAA60A49181C1A0200198490 /* main.m in Sources */,
				CA2C5C081DA2669900670F0F /* RMDateSelectionViewController.m in Sources */,
				CAA60A4D181C1A0200198490 /* RMAppDelegate.m in Sources */,
				CAA60A53181C1A0200198490 /* RMViewController.m in Sources */,
			);
			runOnlyForDeploymentPostprocessing = 0;
		};
		CACBDBC81B371D9500301977 /* Sources */ = {
			isa = PBXSourcesBuildPhase;
			buildActionMask = 2147483647;
			files = (
				CACBDBD11B371D9500301977 /* RMDateSelectionViewControllerTests.m in Sources */,
			);
			runOnlyForDeploymentPostprocessing = 0;
		};
/* End PBXSourcesBuildPhase section */

/* Begin PBXTargetDependency section */
		CA2C5C161DA2699400670F0F /* PBXTargetDependency */ = {
			isa = PBXTargetDependency;
			target = CA2C5C0F1DA2699300670F0F /* RMDateSelectionViewController */;
			targetProxy = CA2C5C151DA2699400670F0F /* PBXContainerItemProxy */;
		};
		CA2C5C1F1DA269C600670F0F /* PBXTargetDependency */ = {
			isa = PBXTargetDependency;
			target = CA2C5C0F1DA2699300670F0F /* RMDateSelectionViewController */;
			targetProxy = CA2C5C1E1DA269C600670F0F /* PBXContainerItemProxy */;
		};
		CA2C5C2B1DA26AAB00670F0F /* PBXTargetDependency */ = {
			isa = PBXTargetDependency;
			target = CA2C5C241DA26AAB00670F0F /* RMActionController */;
			targetProxy = CA2C5C2A1DA26AAB00670F0F /* PBXContainerItemProxy */;
		};
		CA2C5C321DA26AB900670F0F /* PBXTargetDependency */ = {
			isa = PBXTargetDependency;
			target = CA2C5C241DA26AAB00670F0F /* RMActionController */;
			targetProxy = CA2C5C311DA26AB900670F0F /* PBXContainerItemProxy */;
		};
		CA6097501DC77012008B59FD /* PBXTargetDependency */ = {
			isa = PBXTargetDependency;
			target = CA2C5C241DA26AAB00670F0F /* RMActionController */;
			targetProxy = CA60974F1DC77012008B59FD /* PBXContainerItemProxy */;
		};
		CA6097521DC77013008B59FD /* PBXTargetDependency */ = {
			isa = PBXTargetDependency;
			target = CA2C5C0F1DA2699300670F0F /* RMDateSelectionViewController */;
			targetProxy = CA6097511DC77013008B59FD /* PBXContainerItemProxy */;
		};
		CAA411461B01601D00C24134 /* PBXTargetDependency */ = {
			isa = PBXTargetDependency;
			target = CA52EE271AC42C760032E877 /* RMDateSelectionViewController-DemoExtension */;
			targetProxy = CAA411451B01601D00C24134 /* PBXContainerItemProxy */;
		};
		CACBDBD31B371D9500301977 /* PBXTargetDependency */ = {
			isa = PBXTargetDependency;
			target = CAA60A38181C1A0200198490 /* RMDateSelectionViewController-Demo */;
			targetProxy = CACBDBD21B371D9500301977 /* PBXContainerItemProxy */;
		};
/* End PBXTargetDependency section */

/* Begin PBXVariantGroup section */
		CA300A021BF0E6A200EAD920 /* Main.storyboard */ = {
			isa = PBXVariantGroup;
			children = (
				CA300A031BF0E6A200EAD920 /* Base */,
			);
			name = Main.storyboard;
			sourceTree = "<group>";
		};
		CA300A071BF0E6A200EAD920 /* LaunchScreen.storyboard */ = {
			isa = PBXVariantGroup;
			children = (
				CA300A081BF0E6A200EAD920 /* Base */,
			);
			name = LaunchScreen.storyboard;
			sourceTree = "<group>";
		};
/* End PBXVariantGroup section */

/* Begin XCBuildConfiguration section */
		CA2C5C1A1DA2699400670F0F /* Debug */ = {
			isa = XCBuildConfiguration;
			buildSettings = {
				APPLICATION_EXTENSION_API_ONLY = YES;
				CLANG_ANALYZER_NONNULL = YES;
				CLANG_WARN_DOCUMENTATION_COMMENTS = YES;
				CLANG_WARN_SUSPICIOUS_MOVES = YES;
				CODE_SIGN_IDENTITY = "";
				CURRENT_PROJECT_VERSION = 1;
				DEBUG_INFORMATION_FORMAT = dwarf;
				DEFINES_MODULE = YES;
				DEVELOPMENT_TEAM = "";
				DYLIB_COMPATIBILITY_VERSION = 1;
				DYLIB_CURRENT_VERSION = 1;
				DYLIB_INSTALL_NAME_BASE = "@rpath";
				GCC_WARN_UNINITIALIZED_AUTOS = YES_AGGRESSIVE;
				INFOPLIST_FILE = RMDateSelectionViewController/Info.plist;
				INSTALL_PATH = "$(LOCAL_LIBRARY_DIR)/Frameworks";
				IPHONEOS_DEPLOYMENT_TARGET = 10.0;
				LD_RUNPATH_SEARCH_PATHS = "$(inherited) @executable_path/Frameworks @loader_path/Frameworks";
				MTL_ENABLE_DEBUG_INFO = YES;
				PRODUCT_BUNDLE_IDENTIFIER = de.cooperrs.RMDateSelectionViewController;
				PRODUCT_NAME = "$(TARGET_NAME)";
				SKIP_INSTALL = YES;
				TARGETED_DEVICE_FAMILY = "1,2";
				VERSIONING_SYSTEM = "apple-generic";
				VERSION_INFO_PREFIX = "";
			};
			name = Debug;
		};
		CA2C5C1B1DA2699400670F0F /* Release */ = {
			isa = XCBuildConfiguration;
			buildSettings = {
				APPLICATION_EXTENSION_API_ONLY = YES;
				CLANG_ANALYZER_NONNULL = YES;
				CLANG_WARN_DOCUMENTATION_COMMENTS = YES;
				CLANG_WARN_SUSPICIOUS_MOVES = YES;
				CODE_SIGN_IDENTITY = "";
				COPY_PHASE_STRIP = NO;
				CURRENT_PROJECT_VERSION = 1;
				DEBUG_INFORMATION_FORMAT = "dwarf-with-dsym";
				DEFINES_MODULE = YES;
				DEVELOPMENT_TEAM = "";
				DYLIB_COMPATIBILITY_VERSION = 1;
				DYLIB_CURRENT_VERSION = 1;
				DYLIB_INSTALL_NAME_BASE = "@rpath";
				GCC_WARN_UNINITIALIZED_AUTOS = YES_AGGRESSIVE;
				INFOPLIST_FILE = RMDateSelectionViewController/Info.plist;
				INSTALL_PATH = "$(LOCAL_LIBRARY_DIR)/Frameworks";
				IPHONEOS_DEPLOYMENT_TARGET = 10.0;
				LD_RUNPATH_SEARCH_PATHS = "$(inherited) @executable_path/Frameworks @loader_path/Frameworks";
				MTL_ENABLE_DEBUG_INFO = NO;
				PRODUCT_BUNDLE_IDENTIFIER = de.cooperrs.RMDateSelectionViewController;
				PRODUCT_NAME = "$(TARGET_NAME)";
				SKIP_INSTALL = YES;
				TARGETED_DEVICE_FAMILY = "1,2";
				VERSIONING_SYSTEM = "apple-generic";
				VERSION_INFO_PREFIX = "";
			};
			name = Release;
		};
		CA2C5C2F1DA26AAB00670F0F /* Debug */ = {
			isa = XCBuildConfiguration;
			buildSettings = {
				APPLICATION_EXTENSION_API_ONLY = YES;
				CLANG_ANALYZER_NONNULL = YES;
				CLANG_WARN_DOCUMENTATION_COMMENTS = YES;
				CLANG_WARN_SUSPICIOUS_MOVES = YES;
				CODE_SIGN_IDENTITY = "";
				CURRENT_PROJECT_VERSION = 1;
				DEBUG_INFORMATION_FORMAT = dwarf;
				DEFINES_MODULE = YES;
				DYLIB_COMPATIBILITY_VERSION = 1;
				DYLIB_CURRENT_VERSION = 1;
				DYLIB_INSTALL_NAME_BASE = "@rpath";
				GCC_WARN_UNINITIALIZED_AUTOS = YES_AGGRESSIVE;
				INFOPLIST_FILE = Extern/RMActionController/RMActionController/Info.plist;
				INSTALL_PATH = "$(LOCAL_LIBRARY_DIR)/Frameworks";
				IPHONEOS_DEPLOYMENT_TARGET = 10.0;
				LD_RUNPATH_SEARCH_PATHS = "$(inherited) @executable_path/Frameworks @loader_path/Frameworks";
				MTL_ENABLE_DEBUG_INFO = YES;
				PRODUCT_BUNDLE_IDENTIFIER = de.cooperrs.RMActionController;
				PRODUCT_NAME = "$(TARGET_NAME)";
				SKIP_INSTALL = YES;
				TARGETED_DEVICE_FAMILY = "1,2";
				VERSIONING_SYSTEM = "apple-generic";
				VERSION_INFO_PREFIX = "";
			};
			name = Debug;
		};
		CA2C5C301DA26AAB00670F0F /* Release */ = {
			isa = XCBuildConfiguration;
			buildSettings = {
				APPLICATION_EXTENSION_API_ONLY = YES;
				CLANG_ANALYZER_NONNULL = YES;
				CLANG_WARN_DOCUMENTATION_COMMENTS = YES;
				CLANG_WARN_SUSPICIOUS_MOVES = YES;
				CODE_SIGN_IDENTITY = "";
				COPY_PHASE_STRIP = NO;
				CURRENT_PROJECT_VERSION = 1;
				DEBUG_INFORMATION_FORMAT = "dwarf-with-dsym";
				DEFINES_MODULE = YES;
				DYLIB_COMPATIBILITY_VERSION = 1;
				DYLIB_CURRENT_VERSION = 1;
				DYLIB_INSTALL_NAME_BASE = "@rpath";
				GCC_WARN_UNINITIALIZED_AUTOS = YES_AGGRESSIVE;
				INFOPLIST_FILE = Extern/RMActionController/RMActionController/Info.plist;
				INSTALL_PATH = "$(LOCAL_LIBRARY_DIR)/Frameworks";
				IPHONEOS_DEPLOYMENT_TARGET = 10.0;
				LD_RUNPATH_SEARCH_PATHS = "$(inherited) @executable_path/Frameworks @loader_path/Frameworks";
				MTL_ENABLE_DEBUG_INFO = NO;
				PRODUCT_BUNDLE_IDENTIFIER = de.cooperrs.RMActionController;
				PRODUCT_NAME = "$(TARGET_NAME)";
				SKIP_INSTALL = YES;
				TARGETED_DEVICE_FAMILY = "1,2";
				VERSIONING_SYSTEM = "apple-generic";
				VERSION_INFO_PREFIX = "";
			};
			name = Release;
		};
		CA300A0C1BF0E6A200EAD920 /* Debug */ = {
			isa = XCBuildConfiguration;
			buildSettings = {
				ASSETCATALOG_COMPILER_APPICON_NAME = AppIcon;
				CLANG_WARN_UNREACHABLE_CODE = YES;
				DEBUG_INFORMATION_FORMAT = dwarf;
				ENABLE_STRICT_OBJC_MSGSEND = YES;
				GCC_NO_COMMON_BLOCKS = YES;
				GCC_WARN_UNINITIALIZED_AUTOS = YES_AGGRESSIVE;
				INFOPLIST_FILE = "RMDateSelectionViewController-SwiftDemo/Info.plist";
				LD_RUNPATH_SEARCH_PATHS = "$(inherited) @executable_path/Frameworks";
				MTL_ENABLE_DEBUG_INFO = YES;
				PRODUCT_BUNDLE_IDENTIFIER = "de.cooperrs.RMDateSelectionViewController-SwiftDemo";
				PRODUCT_NAME = "$(TARGET_NAME)";
				SWIFT_OPTIMIZATION_LEVEL = "-Onone";
				SWIFT_VERSION = 3.0;
				TARGETED_DEVICE_FAMILY = "1,2";
			};
			name = Debug;
		};
		CA300A0D1BF0E6A200EAD920 /* Release */ = {
			isa = XCBuildConfiguration;
			buildSettings = {
				ASSETCATALOG_COMPILER_APPICON_NAME = AppIcon;
				CLANG_WARN_UNREACHABLE_CODE = YES;
				COPY_PHASE_STRIP = NO;
				DEBUG_INFORMATION_FORMAT = "dwarf-with-dsym";
				ENABLE_STRICT_OBJC_MSGSEND = YES;
				GCC_NO_COMMON_BLOCKS = YES;
				GCC_WARN_UNINITIALIZED_AUTOS = YES_AGGRESSIVE;
				INFOPLIST_FILE = "RMDateSelectionViewController-SwiftDemo/Info.plist";
				LD_RUNPATH_SEARCH_PATHS = "$(inherited) @executable_path/Frameworks";
				MTL_ENABLE_DEBUG_INFO = NO;
				PRODUCT_BUNDLE_IDENTIFIER = "de.cooperrs.RMDateSelectionViewController-SwiftDemo";
				PRODUCT_NAME = "$(TARGET_NAME)";
				SWIFT_VERSION = 3.0;
				TARGETED_DEVICE_FAMILY = "1,2";
			};
			name = Release;
		};
		CA52EE341AC42C760032E877 /* Debug */ = {
			isa = XCBuildConfiguration;
			buildSettings = {
				CLANG_WARN_UNREACHABLE_CODE = YES;
				ENABLE_STRICT_OBJC_MSGSEND = YES;
				GCC_WARN_UNINITIALIZED_AUTOS = YES_AGGRESSIVE;
				INFOPLIST_FILE = "RMDateSelectionViewController-DemoExtension/Info.plist";
				LD_RUNPATH_SEARCH_PATHS = "$(inherited) @executable_path/Frameworks @executable_path/../../Frameworks";
				MTL_ENABLE_DEBUG_INFO = YES;
				PRODUCT_BUNDLE_IDENTIFIER = "de.cooperrs.RMDateSelectionViewController-Demo.$(PRODUCT_NAME:rfc1034identifier)";
				PRODUCT_NAME = "$(TARGET_NAME)";
				SKIP_INSTALL = YES;
			};
			name = Debug;
		};
		CA52EE351AC42C760032E877 /* Release */ = {
			isa = XCBuildConfiguration;
			buildSettings = {
				CLANG_WARN_UNREACHABLE_CODE = YES;
				COPY_PHASE_STRIP = NO;
				ENABLE_STRICT_OBJC_MSGSEND = YES;
				GCC_WARN_UNINITIALIZED_AUTOS = YES_AGGRESSIVE;
				INFOPLIST_FILE = "RMDateSelectionViewController-DemoExtension/Info.plist";
				LD_RUNPATH_SEARCH_PATHS = "$(inherited) @executable_path/Frameworks @executable_path/../../Frameworks";
				MTL_ENABLE_DEBUG_INFO = NO;
				PRODUCT_BUNDLE_IDENTIFIER = "de.cooperrs.RMDateSelectionViewController-Demo.$(PRODUCT_NAME:rfc1034identifier)";
				PRODUCT_NAME = "$(TARGET_NAME)";
				SKIP_INSTALL = YES;
			};
			name = Release;
		};
		CAA60A69181C1A0200198490 /* Debug */ = {
			isa = XCBuildConfiguration;
			buildSettings = {
				ALWAYS_SEARCH_USER_PATHS = NO;
				CLANG_CXX_LANGUAGE_STANDARD = "gnu++0x";
				CLANG_CXX_LIBRARY = "libc++";
				CLANG_ENABLE_MODULES = YES;
				CLANG_ENABLE_OBJC_ARC = YES;
				CLANG_WARN_BOOL_CONVERSION = YES;
				CLANG_WARN_CONSTANT_CONVERSION = YES;
				CLANG_WARN_DIRECT_OBJC_ISA_USAGE = YES_ERROR;
				CLANG_WARN_EMPTY_BODY = YES;
				CLANG_WARN_ENUM_CONVERSION = YES;
				CLANG_WARN_INFINITE_RECURSION = YES;
				CLANG_WARN_INT_CONVERSION = YES;
				CLANG_WARN_OBJC_ROOT_CLASS = YES_ERROR;
				CLANG_WARN_SUSPICIOUS_MOVE = YES;
				CLANG_WARN_UNREACHABLE_CODE = YES;
				CLANG_WARN__DUPLICATE_METHOD_MATCH = YES;
				"CODE_SIGN_IDENTITY[sdk=iphoneos*]" = "iPhone Developer";
				COPY_PHASE_STRIP = NO;
				DEVELOPMENT_TEAM = GGWH6G3GK6;
				ENABLE_STRICT_OBJC_MSGSEND = YES;
				ENABLE_TESTABILITY = YES;
				GCC_C_LANGUAGE_STANDARD = gnu99;
				GCC_DYNAMIC_NO_PIC = NO;
				GCC_NO_COMMON_BLOCKS = YES;
				GCC_OPTIMIZATION_LEVEL = 0;
				GCC_PREPROCESSOR_DEFINITIONS = (
					"DEBUG=1",
					"$(inherited)",
				);
				GCC_SYMBOLS_PRIVATE_EXTERN = NO;
				GCC_WARN_64_TO_32_BIT_CONVERSION = YES;
				GCC_WARN_ABOUT_RETURN_TYPE = YES_ERROR;
				GCC_WARN_UNDECLARED_SELECTOR = YES;
				GCC_WARN_UNINITIALIZED_AUTOS = YES;
				GCC_WARN_UNUSED_FUNCTION = YES;
				GCC_WARN_UNUSED_VARIABLE = YES;
				IPHONEOS_DEPLOYMENT_TARGET = 8.0;
				ONLY_ACTIVE_ARCH = YES;
				SDKROOT = iphoneos;
			};
			name = Debug;
		};
		CAA60A6A181C1A0200198490 /* Release */ = {
			isa = XCBuildConfiguration;
			buildSettings = {
				ALWAYS_SEARCH_USER_PATHS = NO;
				CLANG_CXX_LANGUAGE_STANDARD = "gnu++0x";
				CLANG_CXX_LIBRARY = "libc++";
				CLANG_ENABLE_MODULES = YES;
				CLANG_ENABLE_OBJC_ARC = YES;
				CLANG_WARN_BOOL_CONVERSION = YES;
				CLANG_WARN_CONSTANT_CONVERSION = YES;
				CLANG_WARN_DIRECT_OBJC_ISA_USAGE = YES_ERROR;
				CLANG_WARN_EMPTY_BODY = YES;
				CLANG_WARN_ENUM_CONVERSION = YES;
				CLANG_WARN_INFINITE_RECURSION = YES;
				CLANG_WARN_INT_CONVERSION = YES;
				CLANG_WARN_OBJC_ROOT_CLASS = YES_ERROR;
				CLANG_WARN_SUSPICIOUS_MOVE = YES;
				CLANG_WARN_UNREACHABLE_CODE = YES;
				CLANG_WARN__DUPLICATE_METHOD_MATCH = YES;
				"CODE_SIGN_IDENTITY[sdk=iphoneos*]" = "iPhone Developer";
				COPY_PHASE_STRIP = YES;
				DEVELOPMENT_TEAM = GGWH6G3GK6;
				ENABLE_NS_ASSERTIONS = NO;
				ENABLE_STRICT_OBJC_MSGSEND = YES;
				GCC_C_LANGUAGE_STANDARD = gnu99;
				GCC_NO_COMMON_BLOCKS = YES;
				GCC_WARN_64_TO_32_BIT_CONVERSION = YES;
				GCC_WARN_ABOUT_RETURN_TYPE = YES_ERROR;
				GCC_WARN_UNDECLARED_SELECTOR = YES;
				GCC_WARN_UNINITIALIZED_AUTOS = YES;
				GCC_WARN_UNUSED_FUNCTION = YES;
				GCC_WARN_UNUSED_VARIABLE = YES;
				IPHONEOS_DEPLOYMENT_TARGET = 8.0;
				SDKROOT = iphoneos;
				SWIFT_OPTIMIZATION_LEVEL = "-Owholemodule";
				VALIDATE_PRODUCT = YES;
			};
			name = Release;
		};
		CAA60A6C181C1A0200198490 /* Debug */ = {
			isa = XCBuildConfiguration;
			buildSettings = {
				ASSETCATALOG_COMPILER_APPICON_NAME = AppIcon;
				ASSETCATALOG_COMPILER_LAUNCHIMAGE_NAME = LaunchImage;
				GCC_PRECOMPILE_PREFIX_HEADER = YES;
				GCC_PREFIX_HEADER = "RMDateSelectionViewController-Demo/RMDateSelectionViewController-Demo-Prefix.pch";
				INFOPLIST_FILE = "RMDateSelectionViewController-Demo/RMDateSelectionViewController-Demo-Info.plist";
				LD_RUNPATH_SEARCH_PATHS = "$(inherited) @executable_path/Frameworks";
				PRODUCT_BUNDLE_IDENTIFIER = "de.cooperrs.${PRODUCT_NAME:rfc1034identifier}";
				PRODUCT_NAME = "$(TARGET_NAME)";
				TARGETED_DEVICE_FAMILY = "1,2";
				WRAPPER_EXTENSION = app;
			};
			name = Debug;
		};
		CAA60A6D181C1A0200198490 /* Release */ = {
			isa = XCBuildConfiguration;
			buildSettings = {
				ASSETCATALOG_COMPILER_APPICON_NAME = AppIcon;
				ASSETCATALOG_COMPILER_LAUNCHIMAGE_NAME = LaunchImage;
				GCC_PRECOMPILE_PREFIX_HEADER = YES;
				GCC_PREFIX_HEADER = "RMDateSelectionViewController-Demo/RMDateSelectionViewController-Demo-Prefix.pch";
				INFOPLIST_FILE = "RMDateSelectionViewController-Demo/RMDateSelectionViewController-Demo-Info.plist";
				LD_RUNPATH_SEARCH_PATHS = "$(inherited) @executable_path/Frameworks";
				PRODUCT_BUNDLE_IDENTIFIER = "de.cooperrs.${PRODUCT_NAME:rfc1034identifier}";
				PRODUCT_NAME = "$(TARGET_NAME)";
				TARGETED_DEVICE_FAMILY = "1,2";
				WRAPPER_EXTENSION = app;
			};
			name = Release;
		};
		CACBDBD41B371D9500301977 /* Debug */ = {
			isa = XCBuildConfiguration;
			buildSettings = {
				BUNDLE_LOADER = "$(TEST_HOST)";
				CLANG_WARN_UNREACHABLE_CODE = YES;
				DEBUG_INFORMATION_FORMAT = "dwarf-with-dsym";
				ENABLE_STRICT_OBJC_MSGSEND = YES;
				GCC_NO_COMMON_BLOCKS = YES;
				GCC_WARN_UNINITIALIZED_AUTOS = YES_AGGRESSIVE;
				INFOPLIST_FILE = "RMDateSelectionViewController-Demo-Tests/Info.plist";
				LD_RUNPATH_SEARCH_PATHS = "$(inherited) @executable_path/Frameworks @loader_path/Frameworks";
				MTL_ENABLE_DEBUG_INFO = YES;
				PRODUCT_BUNDLE_IDENTIFIER = "de.cooperrs.$(PRODUCT_NAME:rfc1034identifier)";
				PRODUCT_NAME = "$(TARGET_NAME)";
				TEST_HOST = "$(BUILT_PRODUCTS_DIR)/RMDateSelectionViewController-Demo.app/RMDateSelectionViewController-Demo";
			};
			name = Debug;
		};
		CACBDBD51B371D9500301977 /* Release */ = {
			isa = XCBuildConfiguration;
			buildSettings = {
				BUNDLE_LOADER = "$(TEST_HOST)";
				CLANG_WARN_UNREACHABLE_CODE = YES;
				COPY_PHASE_STRIP = NO;
				DEBUG_INFORMATION_FORMAT = "dwarf-with-dsym";
				ENABLE_STRICT_OBJC_MSGSEND = YES;
				GCC_NO_COMMON_BLOCKS = YES;
				GCC_WARN_UNINITIALIZED_AUTOS = YES_AGGRESSIVE;
				INFOPLIST_FILE = "RMDateSelectionViewController-Demo-Tests/Info.plist";
				LD_RUNPATH_SEARCH_PATHS = "$(inherited) @executable_path/Frameworks @loader_path/Frameworks";
				MTL_ENABLE_DEBUG_INFO = NO;
				PRODUCT_BUNDLE_IDENTIFIER = "de.cooperrs.$(PRODUCT_NAME:rfc1034identifier)";
				PRODUCT_NAME = "$(TARGET_NAME)";
				TEST_HOST = "$(BUILT_PRODUCTS_DIR)/RMDateSelectionViewController-Demo.app/RMDateSelectionViewController-Demo";
			};
			name = Release;
		};
/* End XCBuildConfiguration section */

/* Begin XCConfigurationList section */
		CA2C5C191DA2699400670F0F /* Build configuration list for PBXNativeTarget "RMDateSelectionViewController" */ = {
			isa = XCConfigurationList;
			buildConfigurations = (
				CA2C5C1A1DA2699400670F0F /* Debug */,
				CA2C5C1B1DA2699400670F0F /* Release */,
			);
			defaultConfigurationIsVisible = 0;
			defaultConfigurationName = Release;
		};
		CA2C5C2E1DA26AAB00670F0F /* Build configuration list for PBXNativeTarget "RMActionController" */ = {
			isa = XCConfigurationList;
			buildConfigurations = (
				CA2C5C2F1DA26AAB00670F0F /* Debug */,
				CA2C5C301DA26AAB00670F0F /* Release */,
			);
			defaultConfigurationIsVisible = 0;
			defaultConfigurationName = Release;
		};
		CA300A0B1BF0E6A200EAD920 /* Build configuration list for PBXNativeTarget "RMDateSelectionViewController-SwiftDemo" */ = {
			isa = XCConfigurationList;
			buildConfigurations = (
				CA300A0C1BF0E6A200EAD920 /* Debug */,
				CA300A0D1BF0E6A200EAD920 /* Release */,
			);
			defaultConfigurationIsVisible = 0;
			defaultConfigurationName = Release;
		};
		CA52EE361AC42C760032E877 /* Build configuration list for PBXNativeTarget "RMDateSelectionViewController-DemoExtension" */ = {
			isa = XCConfigurationList;
			buildConfigurations = (
				CA52EE341AC42C760032E877 /* Debug */,
				CA52EE351AC42C760032E877 /* Release */,
			);
			defaultConfigurationIsVisible = 0;
			defaultConfigurationName = Release;
		};
		CAA60A34181C1A0200198490 /* Build configuration list for PBXProject "RMDateSelectionViewController-Demo" */ = {
			isa = XCConfigurationList;
			buildConfigurations = (
				CAA60A69181C1A0200198490 /* Debug */,
				CAA60A6A181C1A0200198490 /* Release */,
			);
			defaultConfigurationIsVisible = 0;
			defaultConfigurationName = Release;
		};
		CAA60A6B181C1A0200198490 /* Build configuration list for PBXNativeTarget "RMDateSelectionViewController-Demo" */ = {
			isa = XCConfigurationList;
			buildConfigurations = (
				CAA60A6C181C1A0200198490 /* Debug */,
				CAA60A6D181C1A0200198490 /* Release */,
			);
			defaultConfigurationIsVisible = 0;
			defaultConfigurationName = Release;
		};
		CACBDBD61B371D9500301977 /* Build configuration list for PBXNativeTarget "RMDateSelectionViewController-Demo-Tests" */ = {
			isa = XCConfigurationList;
			buildConfigurations = (
				CACBDBD41B371D9500301977 /* Debug */,
				CACBDBD51B371D9500301977 /* Release */,
			);
			defaultConfigurationIsVisible = 0;
			defaultConfigurationName = Release;
		};
/* End XCConfigurationList section */
	};
	rootObject = CAA60A31181C1A0200198490 /* Project object */;
}
